
Microsoft Visual Studio Solution File, Format Version 11.00
# Visual Studio 2010
Project("{FAE04EC0-301F-11D3-BF4B-00C04F79EFBC}") = "IceCream", "IceCream\IceCream.csproj", "{F69EE070-16E6-420E-BCF4-B9B809DCF87D}"
EndProject
Project("{FAE04EC0-301F-11D3-BF4B-00C04F79EFBC}") = "Milkshake", "Milkshake\Milkshake.csproj", "{801E92B0-D38F-487B-A612-67480344B5ED}"
	ProjectSection(ProjectDependencies) = postProject
		{F69EE070-16E6-420E-BCF4-B9B809DCF87D} = {F69EE070-16E6-420E-BCF4-B9B809DCF87D}
		{FDA579D2-BEDF-47DF-A638-CC172B7CC3E5} = {FDA579D2-BEDF-47DF-A638-CC172B7CC3E5}
	EndProjectSection
EndProject
Project("{FAE04EC0-301F-11D3-BF4B-00C04F79EFBC}") = "MilkshakeLibrary", "MilkshakeLibrary\MilkshakeLibrary.csproj", "{FDA579D2-BEDF-47DF-A638-CC172B7CC3E5}"
	ProjectSection(ProjectDependencies) = postProject
		{F69EE070-16E6-420E-BCF4-B9B809DCF87D} = {F69EE070-16E6-420E-BCF4-B9B809DCF87D}
	EndProjectSection
EndProject
Project("{FAE04EC0-301F-11D3-BF4B-00C04F79EFBC}") = "IceCreamX360", "IceCream\IceCreamX360.csproj", "{DC04D507-BC45-4C5B-8EFD-793BAAB9D423}"
EndProject
Project("{FAE04EC0-301F-11D3-BF4B-00C04F79EFBC}") = "IceCreamWP7", "IceCream\IceCreamWP7.csproj", "{F3A2694A-F8B1-4CF1-8908-C31831B424D4}"
EndProject
Project("{FAE04EC0-301F-11D3-BF4B-00C04F79EFBC}") = "IceCreamSampleGame", "IceCreamSampleGame\IceCreamSampleGame\IceCreamSampleGame\IceCreamSampleGame.csproj", "{3AAF1596-784F-4A62-B0AB-3B27789B5903}"
EndProject
Project("{FAE04EC0-301F-11D3-BF4B-00C04F79EFBC}") = "IceCreamSampleGameContent", "IceCreamSampleGame\IceCreamSampleGame\IceCreamSampleGame\Content\IceCreamSampleGameContent.contentproj", "{E676B83C-6729-4283-96F6-023AB3AAF6BE}"
EndProject
Project("{FAE04EC0-301F-11D3-BF4B-00C04F79EFBC}") = "IceCreamContent", "IceCreamSampleGame\IceCreamSampleGame\IceCreamContent\IceCreamContent.contentproj", "{E94782B5-23F8-4BC9-A7D0-9E31139DCF12}"
EndProject
Global
	GlobalSection(SolutionConfigurationPlatforms) = preSolution
		Debug|Any CPU = Debug|Any CPU
		Debug|Mixed Platforms = Debug|Mixed Platforms
		Debug|Windows Phone = Debug|Windows Phone
		Debug|x86 = Debug|x86
		Debug|Xbox 360 = Debug|Xbox 360
		DEMO|Any CPU = DEMO|Any CPU
		DEMO|Mixed Platforms = DEMO|Mixed Platforms
		DEMO|Windows Phone = DEMO|Windows Phone
		DEMO|x86 = DEMO|x86
		DEMO|Xbox 360 = DEMO|Xbox 360
		Release|Any CPU = Release|Any CPU
		Release|Mixed Platforms = Release|Mixed Platforms
		Release|Windows Phone = Release|Windows Phone
		Release|x86 = Release|x86
		Release|Xbox 360 = Release|Xbox 360
	EndGlobalSection
	GlobalSection(ProjectConfigurationPlatforms) = postSolution
		{F69EE070-16E6-420E-BCF4-B9B809DCF87D}.Debug|Any CPU.ActiveCfg = Debug|x86
		{F69EE070-16E6-420E-BCF4-B9B809DCF87D}.Debug|Mixed Platforms.ActiveCfg = Debug|x86
		{F69EE070-16E6-420E-BCF4-B9B809DCF87D}.Debug|Mixed Platforms.Build.0 = Debug|x86
		{F69EE070-16E6-420E-BCF4-B9B809DCF87D}.Debug|Windows Phone.ActiveCfg = Debug|x86
		{F69EE070-16E6-420E-BCF4-B9B809DCF87D}.Debug|Windows Phone.Build.0 = Debug|x86
		{F69EE070-16E6-420E-BCF4-B9B809DCF87D}.Debug|x86.ActiveCfg = Debug|x86
		{F69EE070-16E6-420E-BCF4-B9B809DCF87D}.Debug|x86.Build.0 = Debug|x86
		{F69EE070-16E6-420E-BCF4-B9B809DCF87D}.Debug|Xbox 360.ActiveCfg = Debug|x86
		{F69EE070-16E6-420E-BCF4-B9B809DCF87D}.Debug|Xbox 360.Build.0 = Debug|x86
		{F69EE070-16E6-420E-BCF4-B9B809DCF87D}.DEMO|Any CPU.ActiveCfg = DEMO|x86
		{F69EE070-16E6-420E-BCF4-B9B809DCF87D}.DEMO|Mixed Platforms.ActiveCfg = DEMO|x86
		{F69EE070-16E6-420E-BCF4-B9B809DCF87D}.DEMO|Mixed Platforms.Build.0 = DEMO|x86
		{F69EE070-16E6-420E-BCF4-B9B809DCF87D}.DEMO|Windows Phone.ActiveCfg = DEMO|x86
		{F69EE070-16E6-420E-BCF4-B9B809DCF87D}.DEMO|Windows Phone.Build.0 = DEMO|x86
		{F69EE070-16E6-420E-BCF4-B9B809DCF87D}.DEMO|x86.ActiveCfg = DEMO|x86
		{F69EE070-16E6-420E-BCF4-B9B809DCF87D}.DEMO|x86.Build.0 = DEMO|x86
		{F69EE070-16E6-420E-BCF4-B9B809DCF87D}.DEMO|Xbox 360.ActiveCfg = DEMO|x86
		{F69EE070-16E6-420E-BCF4-B9B809DCF87D}.DEMO|Xbox 360.Build.0 = DEMO|x86
		{F69EE070-16E6-420E-BCF4-B9B809DCF87D}.Release|Any CPU.ActiveCfg = Release|x86
		{F69EE070-16E6-420E-BCF4-B9B809DCF87D}.Release|Mixed Platforms.ActiveCfg = Release|x86
		{F69EE070-16E6-420E-BCF4-B9B809DCF87D}.Release|Mixed Platforms.Build.0 = Release|x86
		{F69EE070-16E6-420E-BCF4-B9B809DCF87D}.Release|Windows Phone.ActiveCfg = Release|x86
		{F69EE070-16E6-420E-BCF4-B9B809DCF87D}.Release|Windows Phone.Build.0 = Release|x86
		{F69EE070-16E6-420E-BCF4-B9B809DCF87D}.Release|x86.ActiveCfg = Release|x86
		{F69EE070-16E6-420E-BCF4-B9B809DCF87D}.Release|x86.Build.0 = Release|x86
		{F69EE070-16E6-420E-BCF4-B9B809DCF87D}.Release|Xbox 360.ActiveCfg = Release|x86
		{F69EE070-16E6-420E-BCF4-B9B809DCF87D}.Release|Xbox 360.Build.0 = Release|x86
		{801E92B0-D38F-487B-A612-67480344B5ED}.Debug|Any CPU.ActiveCfg = Debug|Any CPU
		{801E92B0-D38F-487B-A612-67480344B5ED}.Debug|Any CPU.Build.0 = Debug|Any CPU
		{801E92B0-D38F-487B-A612-67480344B5ED}.Debug|Mixed Platforms.ActiveCfg = Debug|x86
		{801E92B0-D38F-487B-A612-67480344B5ED}.Debug|Windows Phone.ActiveCfg = Debug|Any CPU
		{801E92B0-D38F-487B-A612-67480344B5ED}.Debug|Windows Phone.Build.0 = Debug|Any CPU
		{801E92B0-D38F-487B-A612-67480344B5ED}.Debug|x86.ActiveCfg = Debug|x86
		{801E92B0-D38F-487B-A612-67480344B5ED}.Debug|x86.Build.0 = Debug|x86
		{801E92B0-D38F-487B-A612-67480344B5ED}.Debug|Xbox 360.ActiveCfg = Debug|x86
		{801E92B0-D38F-487B-A612-67480344B5ED}.Debug|Xbox 360.Build.0 = Debug|x86
		{801E92B0-D38F-487B-A612-67480344B5ED}.DEMO|Any CPU.ActiveCfg = Debug|Any CPU
		{801E92B0-D38F-487B-A612-67480344B5ED}.DEMO|Any CPU.Build.0 = Debug|Any CPU
		{801E92B0-D38F-487B-A612-67480344B5ED}.DEMO|Mixed Platforms.ActiveCfg = Debug|Any CPU
		{801E92B0-D38F-487B-A612-67480344B5ED}.DEMO|Mixed Platforms.Build.0 = Debug|Any CPU
		{801E92B0-D38F-487B-A612-67480344B5ED}.DEMO|Windows Phone.ActiveCfg = Debug|Any CPU
		{801E92B0-D38F-487B-A612-67480344B5ED}.DEMO|Windows Phone.Build.0 = Debug|Any CPU
		{801E92B0-D38F-487B-A612-67480344B5ED}.DEMO|x86.ActiveCfg = Debug|Any CPU
		{801E92B0-D38F-487B-A612-67480344B5ED}.DEMO|Xbox 360.ActiveCfg = Debug|Any CPU
		{801E92B0-D38F-487B-A612-67480344B5ED}.DEMO|Xbox 360.Build.0 = Debug|Any CPU
		{801E92B0-D38F-487B-A612-67480344B5ED}.Release|Any CPU.ActiveCfg = Release|Any CPU
		{801E92B0-D38F-487B-A612-67480344B5ED}.Release|Any CPU.Build.0 = Release|Any CPU
		{801E92B0-D38F-487B-A612-67480344B5ED}.Release|Mixed Platforms.ActiveCfg = Release|Any CPU
		{801E92B0-D38F-487B-A612-67480344B5ED}.Release|Mixed Platforms.Build.0 = Release|Any CPU
		{801E92B0-D38F-487B-A612-67480344B5ED}.Release|Windows Phone.ActiveCfg = Release|Any CPU
		{801E92B0-D38F-487B-A612-67480344B5ED}.Release|Windows Phone.Build.0 = Release|Any CPU
		{801E92B0-D38F-487B-A612-67480344B5ED}.Release|x86.ActiveCfg = Release|x86
		{801E92B0-D38F-487B-A612-67480344B5ED}.Release|x86.Build.0 = Release|x86
		{801E92B0-D38F-487B-A612-67480344B5ED}.Release|Xbox 360.ActiveCfg = Release|x86
		{801E92B0-D38F-487B-A612-67480344B5ED}.Release|Xbox 360.Build.0 = Release|x86
		{FDA579D2-BEDF-47DF-A638-CC172B7CC3E5}.Debug|Any CPU.ActiveCfg = Debug|x86
		{FDA579D2-BEDF-47DF-A638-CC172B7CC3E5}.Debug|Mixed Platforms.ActiveCfg = Debug|x86
		{FDA579D2-BEDF-47DF-A638-CC172B7CC3E5}.Debug|Mixed Platforms.Build.0 = Debug|x86
		{FDA579D2-BEDF-47DF-A638-CC172B7CC3E5}.Debug|Windows Phone.ActiveCfg = Debug|x86
		{FDA579D2-BEDF-47DF-A638-CC172B7CC3E5}.Debug|Windows Phone.Build.0 = Debug|x86
		{FDA579D2-BEDF-47DF-A638-CC172B7CC3E5}.Debug|x86.ActiveCfg = Debug|x86
		{FDA579D2-BEDF-47DF-A638-CC172B7CC3E5}.Debug|x86.Build.0 = Debug|x86
		{FDA579D2-BEDF-47DF-A638-CC172B7CC3E5}.Debug|Xbox 360.ActiveCfg = Debug|x86
		{FDA579D2-BEDF-47DF-A638-CC172B7CC3E5}.Debug|Xbox 360.Build.0 = Debug|x86
		{FDA579D2-BEDF-47DF-A638-CC172B7CC3E5}.DEMO|Any CPU.ActiveCfg = Debug|x86
		{FDA579D2-BEDF-47DF-A638-CC172B7CC3E5}.DEMO|Mixed Platforms.ActiveCfg = Debug|x86
		{FDA579D2-BEDF-47DF-A638-CC172B7CC3E5}.DEMO|Mixed Platforms.Build.0 = Debug|x86
		{FDA579D2-BEDF-47DF-A638-CC172B7CC3E5}.DEMO|Windows Phone.ActiveCfg = Debug|x86
		{FDA579D2-BEDF-47DF-A638-CC172B7CC3E5}.DEMO|Windows Phone.Build.0 = Debug|x86
		{FDA579D2-BEDF-47DF-A638-CC172B7CC3E5}.DEMO|x86.ActiveCfg = Debug|x86
		{FDA579D2-BEDF-47DF-A638-CC172B7CC3E5}.DEMO|x86.Build.0 = Debug|x86
		{FDA579D2-BEDF-47DF-A638-CC172B7CC3E5}.DEMO|Xbox 360.ActiveCfg = Debug|x86
		{FDA579D2-BEDF-47DF-A638-CC172B7CC3E5}.DEMO|Xbox 360.Build.0 = Debug|x86
		{FDA579D2-BEDF-47DF-A638-CC172B7CC3E5}.Release|Any CPU.ActiveCfg = Release|x86
		{FDA579D2-BEDF-47DF-A638-CC172B7CC3E5}.Release|Mixed Platforms.ActiveCfg = Release|x86
		{FDA579D2-BEDF-47DF-A638-CC172B7CC3E5}.Release|Mixed Platforms.Build.0 = Release|x86
		{FDA579D2-BEDF-47DF-A638-CC172B7CC3E5}.Release|Windows Phone.ActiveCfg = Release|x86
		{FDA579D2-BEDF-47DF-A638-CC172B7CC3E5}.Release|Windows Phone.Build.0 = Release|x86
		{FDA579D2-BEDF-47DF-A638-CC172B7CC3E5}.Release|x86.ActiveCfg = Release|x86
		{FDA579D2-BEDF-47DF-A638-CC172B7CC3E5}.Release|x86.Build.0 = Release|x86
		{FDA579D2-BEDF-47DF-A638-CC172B7CC3E5}.Release|Xbox 360.ActiveCfg = Release|x86
		{FDA579D2-BEDF-47DF-A638-CC172B7CC3E5}.Release|Xbox 360.Build.0 = Release|x86
		{DC04D507-BC45-4C5B-8EFD-793BAAB9D423}.Debug|Any CPU.ActiveCfg = Debug|Xbox 360
		{DC04D507-BC45-4C5B-8EFD-793BAAB9D423}.Debug|Mixed Platforms.ActiveCfg = Debug|Xbox 360
		{DC04D507-BC45-4C5B-8EFD-793BAAB9D423}.Debug|Mixed Platforms.Build.0 = Debug|Xbox 360
		{DC04D507-BC45-4C5B-8EFD-793BAAB9D423}.Debug|Windows Phone.ActiveCfg = Debug|Xbox 360
		{DC04D507-BC45-4C5B-8EFD-793BAAB9D423}.Debug|Windows Phone.Build.0 = Debug|Xbox 360
		{DC04D507-BC45-4C5B-8EFD-793BAAB9D423}.Debug|x86.ActiveCfg = Debug|Xbox 360
		{DC04D507-BC45-4C5B-8EFD-793BAAB9D423}.Debug|Xbox 360.ActiveCfg = Debug|Xbox 360
		{DC04D507-BC45-4C5B-8EFD-793BAAB9D423}.Debug|Xbox 360.Build.0 = Debug|Xbox 360
		{DC04D507-BC45-4C5B-8EFD-793BAAB9D423}.DEMO|Any CPU.ActiveCfg = DEMO|Xbox 360
		{DC04D507-BC45-4C5B-8EFD-793BAAB9D423}.DEMO|Mixed Platforms.ActiveCfg = DEMO|Xbox 360
		{DC04D507-BC45-4C5B-8EFD-793BAAB9D423}.DEMO|Mixed Platforms.Build.0 = DEMO|Xbox 360
		{DC04D507-BC45-4C5B-8EFD-793BAAB9D423}.DEMO|Windows Phone.ActiveCfg = DEMO|Xbox 360
		{DC04D507-BC45-4C5B-8EFD-793BAAB9D423}.DEMO|Windows Phone.Build.0 = DEMO|Xbox 360
		{DC04D507-BC45-4C5B-8EFD-793BAAB9D423}.DEMO|x86.ActiveCfg = DEMO|Xbox 360
		{DC04D507-BC45-4C5B-8EFD-793BAAB9D423}.DEMO|Xbox 360.ActiveCfg = DEMO|Xbox 360
		{DC04D507-BC45-4C5B-8EFD-793BAAB9D423}.DEMO|Xbox 360.Build.0 = DEMO|Xbox 360
		{DC04D507-BC45-4C5B-8EFD-793BAAB9D423}.Release|Any CPU.ActiveCfg = Release|Xbox 360
		{DC04D507-BC45-4C5B-8EFD-793BAAB9D423}.Release|Mixed Platforms.ActiveCfg = Release|Xbox 360
		{DC04D507-BC45-4C5B-8EFD-793BAAB9D423}.Release|Mixed Platforms.Build.0 = Release|Xbox 360
		{DC04D507-BC45-4C5B-8EFD-793BAAB9D423}.Release|Windows Phone.ActiveCfg = Release|Xbox 360
		{DC04D507-BC45-4C5B-8EFD-793BAAB9D423}.Release|Windows Phone.Build.0 = Release|Xbox 360
		{DC04D507-BC45-4C5B-8EFD-793BAAB9D423}.Release|x86.ActiveCfg = Release|Xbox 360
		{DC04D507-BC45-4C5B-8EFD-793BAAB9D423}.Release|Xbox 360.ActiveCfg = Release|Xbox 360
		{DC04D507-BC45-4C5B-8EFD-793BAAB9D423}.Release|Xbox 360.Build.0 = Release|Xbox 360
		{F3A2694A-F8B1-4CF1-8908-C31831B424D4}.Debug|Any CPU.ActiveCfg = Debug|Windows Phone
		{F3A2694A-F8B1-4CF1-8908-C31831B424D4}.Debug|Mixed Platforms.ActiveCfg = Debug|Windows Phone
		{F3A2694A-F8B1-4CF1-8908-C31831B424D4}.Debug|Mixed Platforms.Build.0 = Debug|Windows Phone
		{F3A2694A-F8B1-4CF1-8908-C31831B424D4}.Debug|Windows Phone.ActiveCfg = Debug|Windows Phone
		{F3A2694A-F8B1-4CF1-8908-C31831B424D4}.Debug|Windows Phone.Build.0 = Debug|Windows Phone
		{F3A2694A-F8B1-4CF1-8908-C31831B424D4}.Debug|x86.ActiveCfg = Debug|Windows Phone
		{F3A2694A-F8B1-4CF1-8908-C31831B424D4}.Debug|Xbox 360.ActiveCfg = Debug|Windows Phone
		{F3A2694A-F8B1-4CF1-8908-C31831B424D4}.Debug|Xbox 360.Build.0 = Debug|Windows Phone
		{F3A2694A-F8B1-4CF1-8908-C31831B424D4}.DEMO|Any CPU.ActiveCfg = Debug|Windows Phone
		{F3A2694A-F8B1-4CF1-8908-C31831B424D4}.DEMO|Mixed Platforms.ActiveCfg = Debug|Windows Phone
		{F3A2694A-F8B1-4CF1-8908-C31831B424D4}.DEMO|Mixed Platforms.Build.0 = Debug|Windows Phone
		{F3A2694A-F8B1-4CF1-8908-C31831B424D4}.DEMO|Windows Phone.ActiveCfg = Debug|Windows Phone
		{F3A2694A-F8B1-4CF1-8908-C31831B424D4}.DEMO|Windows Phone.Build.0 = Debug|Windows Phone
		{F3A2694A-F8B1-4CF1-8908-C31831B424D4}.DEMO|x86.ActiveCfg = Debug|Windows Phone
		{F3A2694A-F8B1-4CF1-8908-C31831B424D4}.DEMO|Xbox 360.ActiveCfg = Debug|Windows Phone
		{F3A2694A-F8B1-4CF1-8908-C31831B424D4}.DEMO|Xbox 360.Build.0 = Debug|Windows Phone
		{F3A2694A-F8B1-4CF1-8908-C31831B424D4}.Release|Any CPU.ActiveCfg = Release|Windows Phone
		{F3A2694A-F8B1-4CF1-8908-C31831B424D4}.Release|Mixed Platforms.ActiveCfg = Release|Windows Phone
		{F3A2694A-F8B1-4CF1-8908-C31831B424D4}.Release|Mixed Platforms.Build.0 = Release|Windows Phone
		{F3A2694A-F8B1-4CF1-8908-C31831B424D4}.Release|Windows Phone.ActiveCfg = Release|Windows Phone
		{F3A2694A-F8B1-4CF1-8908-C31831B424D4}.Release|Windows Phone.Build.0 = Release|Windows Phone
		{F3A2694A-F8B1-4CF1-8908-C31831B424D4}.Release|x86.ActiveCfg = Release|Windows Phone
		{F3A2694A-F8B1-4CF1-8908-C31831B424D4}.Release|Xbox 360.ActiveCfg = Release|Windows Phone
		{F3A2694A-F8B1-4CF1-8908-C31831B424D4}.Release|Xbox 360.Build.0 = Release|Windows Phone
		{3AAF1596-784F-4A62-B0AB-3B27789B5903}.Debug|Any CPU.ActiveCfg = Debug|x86
		{3AAF1596-784F-4A62-B0AB-3B27789B5903}.Debug|Mixed Platforms.ActiveCfg = Debug|x86
		{3AAF1596-784F-4A62-B0AB-3B27789B5903}.Debug|Mixed Platforms.Build.0 = Debug|x86
		{3AAF1596-784F-4A62-B0AB-3B27789B5903}.Debug|Windows Phone.ActiveCfg = Debug|x86
		{3AAF1596-784F-4A62-B0AB-3B27789B5903}.Debug|Windows Phone.Build.0 = Debug|x86
		{3AAF1596-784F-4A62-B0AB-3B27789B5903}.Debug|x86.ActiveCfg = Debug|x86
		{3AAF1596-784F-4A62-B0AB-3B27789B5903}.Debug|x86.Build.0 = Debug|x86
		{3AAF1596-784F-4A62-B0AB-3B27789B5903}.Debug|Xbox 360.ActiveCfg = Debug|x86
		{3AAF1596-784F-4A62-B0AB-3B27789B5903}.Debug|Xbox 360.Build.0 = Debug|x86
		{3AAF1596-784F-4A62-B0AB-3B27789B5903}.DEMO|Any CPU.ActiveCfg = Debug|x86
		{3AAF1596-784F-4A62-B0AB-3B27789B5903}.DEMO|Mixed Platforms.ActiveCfg = Debug|x86
		{3AAF1596-784F-4A62-B0AB-3B27789B5903}.DEMO|Mixed Platforms.Build.0 = Debug|x86
		{3AAF1596-784F-4A62-B0AB-3B27789B5903}.DEMO|Windows Phone.ActiveCfg = Debug|x86
		{3AAF1596-784F-4A62-B0AB-3B27789B5903}.DEMO|Windows Phone.Build.0 = Debug|x86
		{3AAF1596-784F-4A62-B0AB-3B27789B5903}.DEMO|x86.ActiveCfg = Debug|x86
		{3AAF1596-784F-4A62-B0AB-3B27789B5903}.DEMO|x86.Build.0 = Debug|x86
		{3AAF1596-784F-4A62-B0AB-3B27789B5903}.DEMO|Xbox 360.ActiveCfg = Debug|x86
		{3AAF1596-784F-4A62-B0AB-3B27789B5903}.DEMO|Xbox 360.Build.0 = Debug|x86
		{3AAF1596-784F-4A62-B0AB-3B27789B5903}.Release|Any CPU.ActiveCfg = Release|x86
		{3AAF1596-784F-4A62-B0AB-3B27789B5903}.Release|Mixed Platforms.ActiveCfg = Release|x86
		{3AAF1596-784F-4A62-B0AB-3B27789B5903}.Release|Mixed Platforms.Build.0 = Release|x86
		{3AAF1596-784F-4A62-B0AB-3B27789B5903}.Release|Windows Phone.ActiveCfg = Release|x86
		{3AAF1596-784F-4A62-B0AB-3B27789B5903}.Release|Windows Phone.Build.0 = Release|x86
		{3AAF1596-784F-4A62-B0AB-3B27789B5903}.Release|x86.ActiveCfg = Release|x86
		{3AAF1596-784F-4A62-B0AB-3B27789B5903}.Release|x86.Build.0 = Release|x86
		{3AAF1596-784F-4A62-B0AB-3B27789B5903}.Release|Xbox 360.ActiveCfg = Release|x86
		{3AAF1596-784F-4A62-B0AB-3B27789B5903}.Release|Xbox 360.Build.0 = Release|x86
		{E676B83C-6729-4283-96F6-023AB3AAF6BE}.Debug|Any CPU.ActiveCfg = Debug|x86
		{E676B83C-6729-4283-96F6-023AB3AAF6BE}.Debug|Mixed Platforms.ActiveCfg = Debug|x86
		{E676B83C-6729-4283-96F6-023AB3AAF6BE}.Debug|Windows Phone.ActiveCfg = Debug|x86
		{E676B83C-6729-4283-96F6-023AB3AAF6BE}.Debug|x86.ActiveCfg = Debug|x86
		{E676B83C-6729-4283-96F6-023AB3AAF6BE}.Debug|Xbox 360.ActiveCfg = Debug|x86
		{E676B83C-6729-4283-96F6-023AB3AAF6BE}.DEMO|Any CPU.ActiveCfg = Debug|x86
		{E676B83C-6729-4283-96F6-023AB3AAF6BE}.DEMO|Mixed Platforms.ActiveCfg = Debug|x86
		{E676B83C-6729-4283-96F6-023AB3AAF6BE}.DEMO|Windows Phone.ActiveCfg = Debug|x86
		{E676B83C-6729-4283-96F6-023AB3AAF6BE}.DEMO|x86.ActiveCfg = Debug|x86
		{E676B83C-6729-4283-96F6-023AB3AAF6BE}.DEMO|Xbox 360.ActiveCfg = Debug|x86
		{E676B83C-6729-4283-96F6-023AB3AAF6BE}.Release|Any CPU.ActiveCfg = Release|x86
		{E676B83C-6729-4283-96F6-023AB3AAF6BE}.Release|Mixed Platforms.ActiveCfg = Release|x86
		{E676B83C-6729-4283-96F6-023AB3AAF6BE}.Release|Windows Phone.ActiveCfg = Release|x86
		{E676B83C-6729-4283-96F6-023AB3AAF6BE}.Release|x86.ActiveCfg = Release|x86
		{E676B83C-6729-4283-96F6-023AB3AAF6BE}.Release|Xbox 360.ActiveCfg = Release|x86
		{E94782B5-23F8-4BC9-A7D0-9E31139DCF12}.Debug|Any CPU.ActiveCfg = Debug|Any CPU
		{E94782B5-23F8-4BC9-A7D0-9E31139DCF12}.Debug|Mixed Platforms.ActiveCfg = Debug|Any CPU
		{E94782B5-23F8-4BC9-A7D0-9E31139DCF12}.Debug|Windows Phone.ActiveCfg = Debug|Any CPU
		{E94782B5-23F8-4BC9-A7D0-9E31139DCF12}.Debug|x86.ActiveCfg = Debug|Any CPU
		{E94782B5-23F8-4BC9-A7D0-9E31139DCF12}.Debug|Xbox 360.ActiveCfg = Debug|Any CPU
		{E94782B5-23F8-4BC9-A7D0-9E31139DCF12}.DEMO|Any CPU.ActiveCfg = Debug|Any CPU
		{E94782B5-23F8-4BC9-A7D0-9E31139DCF12}.DEMO|Mixed Platforms.ActiveCfg = Debug|Any CPU
		{E94782B5-23F8-4BC9-A7D0-9E31139DCF12}.DEMO|Windows Phone.ActiveCfg = Debug|Any CPU
		{E94782B5-23F8-4BC9-A7D0-9E31139DCF12}.DEMO|x86.ActiveCfg = Debug|Any CPU
		{E94782B5-23F8-4BC9-A7D0-9E31139DCF12}.DEMO|Xbox 360.ActiveCfg = Debug|Any CPU
		{E94782B5-23F8-4BC9-A7D0-9E31139DCF12}.Release|Any CPU.ActiveCfg = Debug|Any CPU
		{E94782B5-23F8-4BC9-A7D0-9E31139DCF12}.Release|Mixed Platforms.ActiveCfg = Debug|Any CPU
		{E94782B5-23F8-4BC9-A7D0-9E31139DCF12}.Release|Windows Phone.ActiveCfg = Debug|Any CPU
		{E94782B5-23F8-4BC9-A7D0-9E31139DCF12}.Release|x86.ActiveCfg = Debug|Any CPU
		{E94782B5-23F8-4BC9-A7D0-9E31139DCF12}.Release|Xbox 360.ActiveCfg = Debug|Any CPU
	EndGlobalSection
	GlobalSection(SolutionProperties) = preSolution
		HideSolutionNode = FALSE
	EndGlobalSection
EndGlobal
